// !$*UTF8*$!
{
	archiveVersion = 1;
	classes = {
	};
	objectVersion = 56;
	objects = {

/* Begin PBXBuildFile section */
		028A08E82ADD641B00DC1F57 /* ViewModel.swift in Sources */ = {isa = PBXBuildFile; fileRef = 028A08E72ADD641B00DC1F57 /* ViewModel.swift */; };
		028A08EA2ADD6E2E00DC1F57 /* SearchBar.swift in Sources */ = {isa = PBXBuildFile; fileRef = 028A08E92ADD6E2E00DC1F57 /* SearchBar.swift */; };
		028A08EC2ADD739100DC1F57 /* SearchResultElements.swift in Sources */ = {isa = PBXBuildFile; fileRef = 028A08EB2ADD739100DC1F57 /* SearchResultElements.swift */; };
		029DA90F2AD6C309006D89BF /* FlightTrackerApp.swift in Sources */ = {isa = PBXBuildFile; fileRef = 029DA90E2AD6C309006D89BF /* FlightTrackerApp.swift */; };
		029DA9112AD6C309006D89BF /* ContentView.swift in Sources */ = {isa = PBXBuildFile; fileRef = 029DA9102AD6C309006D89BF /* ContentView.swift */; };
		029DA9132AD6C30A006D89BF /* Assets.xcassets in Resources */ = {isa = PBXBuildFile; fileRef = 029DA9122AD6C30A006D89BF /* Assets.xcassets */; };
		029DA9162AD6C30A006D89BF /* Preview Assets.xcassets in Resources */ = {isa = PBXBuildFile; fileRef = 029DA9152AD6C30A006D89BF /* Preview Assets.xcassets */; };
		029DA91D2AD6C7E7006D89BF /* MapView.swift in Sources */ = {isa = PBXBuildFile; fileRef = 029DA91C2AD6C7E7006D89BF /* MapView.swift */; };
		029DA91F2AD9779E006D89BF /* Timer.swift in Sources */ = {isa = PBXBuildFile; fileRef = 029DA91E2AD9779E006D89BF /* Timer.swift */; };
		02F506B42AECFC800051B195 /* TestView.swift in Sources */ = {isa = PBXBuildFile; fileRef = 02F506B32AECFC800051B195 /* TestView.swift */; };
		02FAE2F82ADE82EA00BA2AFA /* City.swift in Sources */ = {isa = PBXBuildFile; fileRef = 02FAE2F72ADE82EA00BA2AFA /* City.swift */; };
		02FAE2FA2ADE8CF800BA2AFA /* Cities.json in Resources */ = {isa = PBXBuildFile; fileRef = 02FAE2F92ADE8CF800BA2AFA /* Cities.json */; };
		02FAE3162ADFFBD300BA2AFA /* Route.swift in Sources */ = {isa = PBXBuildFile; fileRef = 02FAE3152ADFFBD300BA2AFA /* Route.swift */; };
		02FAE3182AE0007500BA2AFA /* Airport.swift in Sources */ = {isa = PBXBuildFile; fileRef = 02FAE3172AE0007500BA2AFA /* Airport.swift */; };
		02FAE31A2AE01D5400BA2AFA /* Button.swift in Sources */ = {isa = PBXBuildFile; fileRef = 02FAE3192AE01D5400BA2AFA /* Button.swift */; };
/* End PBXBuildFile section */

/* Begin PBXFileReference section */
		028A08E72ADD641B00DC1F57 /* ViewModel.swift */ = {isa = PBXFileReference; lastKnownFileType = sourcecode.swift; path = ViewModel.swift; sourceTree = "<group>"; };
		028A08E92ADD6E2E00DC1F57 /* SearchBar.swift */ = {isa = PBXFileReference; lastKnownFileType = sourcecode.swift; path = SearchBar.swift; sourceTree = "<group>"; };
		028A08EB2ADD739100DC1F57 /* SearchResultElements.swift */ = {isa = PBXFileReference; lastKnownFileType = sourcecode.swift; path = SearchResultElements.swift; sourceTree = "<group>"; };
		029DA90B2AD6C309006D89BF /* FlightTracker.app */ = {isa = PBXFileReference; explicitFileType = wrapper.application; includeInIndex = 0; path = FlightTracker.app; sourceTree = BUILT_PRODUCTS_DIR; };
		029DA90E2AD6C309006D89BF /* FlightTrackerApp.swift */ = {isa = PBXFileReference; lastKnownFileType = sourcecode.swift; path = FlightTrackerApp.swift; sourceTree = "<group>"; };
		029DA9102AD6C309006D89BF /* ContentView.swift */ = {isa = PBXFileReference; lastKnownFileType = sourcecode.swift; path = ContentView.swift; sourceTree = "<group>"; };
		029DA9122AD6C30A006D89BF /* Assets.xcassets */ = {isa = PBXFileReference; lastKnownFileType = folder.assetcatalog; path = Assets.xcassets; sourceTree = "<group>"; };
		029DA9152AD6C30A006D89BF /* Preview Assets.xcassets */ = {isa = PBXFileReference; lastKnownFileType = folder.assetcatalog; path = "Preview Assets.xcassets"; sourceTree = "<group>"; };
		029DA91C2AD6C7E7006D89BF /* MapView.swift */ = {isa = PBXFileReference; lastKnownFileType = sourcecode.swift; path = MapView.swift; sourceTree = "<group>"; };
		029DA91E2AD9779E006D89BF /* Timer.swift */ = {isa = PBXFileReference; lastKnownFileType = sourcecode.swift; path = Timer.swift; sourceTree = "<group>"; };
		02F506B32AECFC800051B195 /* TestView.swift */ = {isa = PBXFileReference; lastKnownFileType = sourcecode.swift; path = TestView.swift; sourceTree = "<group>"; };
		02FAE2F72ADE82EA00BA2AFA /* City.swift */ = {isa = PBXFileReference; lastKnownFileType = sourcecode.swift; path = City.swift; sourceTree = "<group>"; };
		02FAE2F92ADE8CF800BA2AFA /* Cities.json */ = {isa = PBXFileReference; lastKnownFileType = text.json; path = Cities.json; sourceTree = "<group>"; };
		02FAE3152ADFFBD300BA2AFA /* Route.swift */ = {isa = PBXFileReference; lastKnownFileType = sourcecode.swift; path = Route.swift; sourceTree = "<group>"; };
		02FAE3172AE0007500BA2AFA /* Airport.swift */ = {isa = PBXFileReference; lastKnownFileType = sourcecode.swift; path = Airport.swift; sourceTree = "<group>"; };
		02FAE3192AE01D5400BA2AFA /* Button.swift */ = {isa = PBXFileReference; lastKnownFileType = sourcecode.swift; path = Button.swift; sourceTree = "<group>"; };
/* End PBXFileReference section */

/* Begin PBXFrameworksBuildPhase section */
		029DA9082AD6C309006D89BF /* Frameworks */ = {
			isa = PBXFrameworksBuildPhase;
			buildActionMask = 2147483647;
			files = (
			);
			runOnlyForDeploymentPostprocessing = 0;
		};
/* End PBXFrameworksBuildPhase section */

/* Begin PBXGroup section */
		029DA9022AD6C309006D89BF = {
			isa = PBXGroup;
			children = (
				029DA90D2AD6C309006D89BF /* FlightTracker */,
				029DA90C2AD6C309006D89BF /* Products */,
			);
			sourceTree = "<group>";
		};
		029DA90C2AD6C309006D89BF /* Products */ = {
			isa = PBXGroup;
			children = (
				029DA90B2AD6C309006D89BF /* FlightTracker.app */,
			);
			name = Products;
			sourceTree = "<group>";
		};
		029DA90D2AD6C309006D89BF /* FlightTracker */ = {
			isa = PBXGroup;
			children = (
				029DA90E2AD6C309006D89BF /* FlightTrackerApp.swift */,
				029DA9102AD6C309006D89BF /* ContentView.swift */,
				029DA9122AD6C30A006D89BF /* Assets.xcassets */,
				029DA9142AD6C30A006D89BF /* Preview Content */,
				029DA91C2AD6C7E7006D89BF /* MapView.swift */,
				029DA91E2AD9779E006D89BF /* Timer.swift */,
				028A08E72ADD641B00DC1F57 /* ViewModel.swift */,
				028A08E92ADD6E2E00DC1F57 /* SearchBar.swift */,
				028A08EB2ADD739100DC1F57 /* SearchResultElements.swift */,
				02FAE2F72ADE82EA00BA2AFA /* City.swift */,
				02FAE2F92ADE8CF800BA2AFA /* Cities.json */,
				02FAE3152ADFFBD300BA2AFA /* Route.swift */,
				02FAE3172AE0007500BA2AFA /* Airport.swift */,
				02FAE3192AE01D5400BA2AFA /* Button.swift */,
				02F506B32AECFC800051B195 /* TestView.swift */,
			);
			path = FlightTracker;
			sourceTree = "<group>";
		};
		029DA9142AD6C30A006D89BF /* Preview Content */ = {
			isa = PBXGroup;
			children = (
				029DA9152AD6C30A006D89BF /* Preview Assets.xcassets */,
			);
			path = "Preview Content";
			sourceTree = "<group>";
		};
/* End PBXGroup section */

/* Begin PBXNativeTarget section */
		029DA90A2AD6C309006D89BF /* FlightTracker */ = {
			isa = PBXNativeTarget;
			buildConfigurationList = 029DA9192AD6C30A006D89BF /* Build configuration list for PBXNativeTarget "FlightTracker" */;
			buildPhases = (
				029DA9072AD6C309006D89BF /* Sources */,
				029DA9082AD6C309006D89BF /* Frameworks */,
				029DA9092AD6C309006D89BF /* Resources */,
			);
			buildRules = (
			);
			dependencies = (
			);
			name = FlightTracker;
			productName = FlightTracker;
			productReference = 029DA90B2AD6C309006D89BF /* FlightTracker.app */;
			productType = "com.apple.product-type.application";
		};
/* End PBXNativeTarget section */

/* Begin PBXProject section */
		029DA9032AD6C309006D89BF /* Project object */ = {
			isa = PBXProject;
			attributes = {
				BuildIndependentTargetsInParallel = 1;
				LastSwiftUpdateCheck = 1430;
				LastUpgradeCheck = 1430;
				TargetAttributes = {
					029DA90A2AD6C309006D89BF = {
						CreatedOnToolsVersion = 14.3.1;
					};
				};
			};
			buildConfigurationList = 029DA9062AD6C309006D89BF /* Build configuration list for PBXProject "FlightTracker" */;
			compatibilityVersion = "Xcode 14.0";
			developmentRegion = en;
			hasScannedForEncodings = 0;
			knownRegions = (
				en,
				Base,
			);
			mainGroup = 029DA9022AD6C309006D89BF;
			productRefGroup = 029DA90C2AD6C309006D89BF /* Products */;
			projectDirPath = "";
			projectRoot = "";
			targets = (
				029DA90A2AD6C309006D89BF /* FlightTracker */,
			);
		};
/* End PBXProject section */

/* Begin PBXResourcesBuildPhase section */
		029DA9092AD6C309006D89BF /* Resources */ = {
			isa = PBXResourcesBuildPhase;
			buildActionMask = 2147483647;
			files = (
				02FAE2FA2ADE8CF800BA2AFA /* Cities.json in Resources */,
				029DA9162AD6C30A006D89BF /* Preview Assets.xcassets in Resources */,
				029DA9132AD6C30A006D89BF /* Assets.xcassets in Resources */,
			);
			runOnlyForDeploymentPostprocessing = 0;
		};
/* End PBXResourcesBuildPhase section */

/* Begin PBXSourcesBuildPhase section */
		029DA9072AD6C309006D89BF /* Sources */ = {
			isa = PBXSourcesBuildPhase;
			buildActionMask = 2147483647;
			files = (
				02F506B42AECFC800051B195 /* TestView.swift in Sources */,
				02FAE3162ADFFBD300BA2AFA /* Route.swift in Sources */,
				028A08E82ADD641B00DC1F57 /* ViewModel.swift in Sources */,
				028A08EC2ADD739100DC1F57 /* SearchResultElements.swift in Sources */,
				029DA9112AD6C309006D89BF /* ContentView.swift in Sources */,
				029DA91D2AD6C7E7006D89BF /* MapView.swift in Sources */,
				02FAE3182AE0007500BA2AFA /* Airport.swift in Sources */,
				029DA90F2AD6C309006D89BF /* FlightTrackerApp.swift in Sources */,
				029DA91F2AD9779E006D89BF /* Timer.swift in Sources */,
				02FAE2F82ADE82EA00BA2AFA /* City.swift in Sources */,
				028A08EA2ADD6E2E00DC1F57 /* SearchBar.swift in Sources */,
				02FAE31A2AE01D5400BA2AFA /* Button.swift in Sources */,
			);
			runOnlyForDeploymentPostprocessing = 0;
		};
/* End PBXSourcesBuildPhase section */

/* Begin XCBuildConfiguration section */
		029DA9172AD6C30A006D89BF /* Debug */ = {
			isa = XCBuildConfiguration;
			buildSettings = {
				ALWAYS_SEARCH_USER_PATHS = NO;
				CLANG_ANALYZER_NONNULL = YES;
				CLANG_ANALYZER_NUMBER_OBJECT_CONVERSION = YES_AGGRESSIVE;
				CLANG_CXX_LANGUAGE_STANDARD = "gnu++20";
				CLANG_ENABLE_MODULES = YES;
				CLANG_ENABLE_OBJC_ARC = YES;
				CLANG_ENABLE_OBJC_WEAK = YES;
				CLANG_WARN_BLOCK_CAPTURE_AUTORELEASING = YES;
				CLANG_WARN_BOOL_CONVERSION = YES;
				CLANG_WARN_COMMA = YES;
				CLANG_WARN_CONSTANT_CONVERSION = YES;
				CLANG_WARN_DEPRECATED_OBJC_IMPLEMENTATIONS = YES;
				CLANG_WARN_DIRECT_OBJC_ISA_USAGE = YES_ERROR;
				CLANG_WARN_DOCUMENTATION_COMMENTS = YES;
				CLANG_WARN_EMPTY_BODY = YES;
				CLANG_WARN_ENUM_CONVERSION = YES;
				CLANG_WARN_INFINITE_RECURSION = YES;
				CLANG_WARN_INT_CONVERSION = YES;
				CLANG_WARN_NON_LITERAL_NULL_CONVERSION = YES;
				CLANG_WARN_OBJC_IMPLICIT_RETAIN_SELF = YES;
				CLANG_WARN_OBJC_LITERAL_CONVERSION = YES;
				CLANG_WARN_OBJC_ROOT_CLASS = YES_ERROR;
				CLANG_WARN_QUOTED_INCLUDE_IN_FRAMEWORK_HEADER = YES;
				CLANG_WARN_RANGE_LOOP_ANALYSIS = YES;
				CLANG_WARN_STRICT_PROTOTYPES = YES;
				CLANG_WARN_SUSPICIOUS_MOVE = YES;
				CLANG_WARN_UNGUARDED_AVAILABILITY = YES_AGGRESSIVE;
				CLANG_WARN_UNREACHABLE_CODE = YES;
				CLANG_WARN__DUPLICATE_METHOD_MATCH = YES;
				COPY_PHASE_STRIP = NO;
				DEBUG_INFORMATION_FORMAT = dwarf;
				ENABLE_STRICT_OBJC_MSGSEND = YES;
				ENABLE_TESTABILITY = YES;
				GCC_C_LANGUAGE_STANDARD = gnu11;
				GCC_DYNAMIC_NO_PIC = NO;
				GCC_NO_COMMON_BLOCKS = YES;
				GCC_OPTIMIZATION_LEVEL = 0;
				GCC_PREPROCESSOR_DEFINITIONS = (
					"DEBUG=1",
					"$(inherited)",
				);
				GCC_WARN_64_TO_32_BIT_CONVERSION = YES;
				GCC_WARN_ABOUT_RETURN_TYPE = YES_ERROR;
				GCC_WARN_UNDECLARED_SELECTOR = YES;
				GCC_WARN_UNINITIALIZED_AUTOS = YES_AGGRESSIVE;
				GCC_WARN_UNUSED_FUNCTION = YES;
				GCC_WARN_UNUSED_VARIABLE = YES;
				IPHONEOS_DEPLOYMENT_TARGET = 16.0;
				MTL_ENABLE_DEBUG_INFO = INCLUDE_SOURCE;
				MTL_FAST_MATH = YES;
				ONLY_ACTIVE_ARCH = YES;
				SDKROOT = iphoneos;
				SWIFT_ACTIVE_COMPILATION_CONDITIONS = DEBUG;
				SWIFT_OPTIMIZATION_LEVEL = "-Onone";
			};
			name = Debug;
		};
		029DA9182AD6C30A006D89BF /* Release */ = {
			isa = XCBuildConfiguration;
			buildSettings = {
				ALWAYS_SEARCH_USER_PATHS = NO;
				CLANG_ANALYZER_NONNULL = YES;
				CLANG_ANALYZER_NUMBER_OBJECT_CONVERSION = YES_AGGRESSIVE;
				CLANG_CXX_LANGUAGE_STANDARD = "gnu++20";
				CLANG_ENABLE_MODULES = YES;
				CLANG_ENABLE_OBJC_ARC = YES;
				CLANG_ENABLE_OBJC_WEAK = YES;
				CLANG_WARN_BLOCK_CAPTURE_AUTORELEASING = YES;
				CLANG_WARN_BOOL_CONVERSION = YES;
				CLANG_WARN_COMMA = YES;
				CLANG_WARN_CONSTANT_CONVERSION = YES;
				CLANG_WARN_DEPRECATED_OBJC_IMPLEMENTATIONS = YES;
				CLANG_WARN_DIRECT_OBJC_ISA_USAGE = YES_ERROR;
				CLANG_WARN_DOCUMENTATION_COMMENTS = YES;
				CLANG_WARN_EMPTY_BODY = YES;
				CLANG_WARN_ENUM_CONVERSION = YES;
				CLANG_WARN_INFINITE_RECURSION = YES;
				CLANG_WARN_INT_CONVERSION = YES;
				CLANG_WARN_NON_LITERAL_NULL_CONVERSION = YES;
				CLANG_WARN_OBJC_IMPLICIT_RETAIN_SELF = YES;
				CLANG_WARN_OBJC_LITERAL_CONVERSION = YES;
				CLANG_WARN_OBJC_ROOT_CLASS = YES_ERROR;
				CLANG_WARN_QUOTED_INCLUDE_IN_FRAMEWORK_HEADER = YES;
				CLANG_WARN_RANGE_LOOP_ANALYSIS = YES;
				CLANG_WARN_STRICT_PROTOTYPES = YES;
				CLANG_WARN_SUSPICIOUS_MOVE = YES;
				CLANG_WARN_UNGUARDED_AVAILABILITY = YES_AGGRESSIVE;
				CLANG_WARN_UNREACHABLE_CODE = YES;
				CLANG_WARN__DUPLICATE_METHOD_MATCH = YES;
				COPY_PHASE_STRIP = NO;
				DEBUG_INFORMATION_FORMAT = "dwarf-with-dsym";
				ENABLE_NS_ASSERTIONS = NO;
				ENABLE_STRICT_OBJC_MSGSEND = YES;
				GCC_C_LANGUAGE_STANDARD = gnu11;
				GCC_NO_COMMON_BLOCKS = YES;
				GCC_WARN_64_TO_32_BIT_CONVERSION = YES;
				GCC_WARN_ABOUT_RETURN_TYPE = YES_ERROR;
				GCC_WARN_UNDECLARED_SELECTOR = YES;
				GCC_WARN_UNINITIALIZED_AUTOS = YES_AGGRESSIVE;
				GCC_WARN_UNUSED_FUNCTION = YES;
				GCC_WARN_UNUSED_VARIABLE = YES;
				IPHONEOS_DEPLOYMENT_TARGET = 16.0;
				MTL_ENABLE_DEBUG_INFO = NO;
				MTL_FAST_MATH = YES;
				SDKROOT = iphoneos;
				SWIFT_COMPILATION_MODE = wholemodule;
				SWIFT_OPTIMIZATION_LEVEL = "-O";
				VALIDATE_PRODUCT = YES;
			};
			name = Release;
		};
		029DA91A2AD6C30A006D89BF /* Debug */ = {
			isa = XCBuildConfiguration;
			buildSettings = {
				ASSETCATALOG_COMPILER_APPICON_NAME = AppIcon;
				ASSETCATALOG_COMPILER_GLOBAL_ACCENT_COLOR_NAME = AccentColor;
				CODE_SIGN_STYLE = Automatic;
				CURRENT_PROJECT_VERSION = 1;
				DEVELOPMENT_ASSET_PATHS = "\"FlightTracker/Preview Content\"";
				DEVELOPMENT_TEAM = 7RAQ7W44J6;
				ENABLE_PREVIEWS = YES;
				GENERATE_INFOPLIST_FILE = YES;
				INFOPLIST_KEY_UIApplicationSceneManifest_Generation = YES;
				INFOPLIST_KEY_UIApplicationSupportsIndirectInputEvents = YES;
				INFOPLIST_KEY_UILaunchScreen_Generation = YES;
				INFOPLIST_KEY_UISupportedInterfaceOrientations_iPad = "UIInterfaceOrientationPortrait UIInterfaceOrientationPortraitUpsideDown UIInterfaceOrientationLandscapeLeft UIInterfaceOrientationLandscapeRight";
				INFOPLIST_KEY_UISupportedInterfaceOrientations_iPhone = "UIInterfaceOrientationPortrait UIInterfaceOrientationLandscapeLeft UIInterfaceOrientationLandscapeRight";
				LD_RUNPATH_SEARCH_PATHS = (
					"$(inherited)",
					"@executable_path/Frameworks",
				);
				MARKETING_VERSION = 1.0;
				PRODUCT_BUNDLE_IDENTIFIER = flighttracker.app.ios;
				PRODUCT_NAME = "$(TARGET_NAME)";
				SWIFT_EMIT_LOC_STRINGS = YES;
				SWIFT_VERSION = 5.0;
				TARGETED_DEVICE_FAMILY = "1,2";
			};
			name = Debug;
		};
		029DA91B2AD6C30A006D89BF /* Release */ = {
			isa = XCBuildConfiguration;
			buildSettings = {
				ASSETCATALOG_COMPILER_APPICON_NAME = AppIcon;
				ASSETCATALOG_COMPILER_GLOBAL_ACCENT_COLOR_NAME = AccentColor;
				CODE_SIGN_STYLE = Automatic;
				CURRENT_PROJECT_VERSION = 1;
				DEVELOPMENT_ASSET_PATHS = "\"FlightTracker/Preview Content\"";
				DEVELOPMENT_TEAM = 7RAQ7W44J6;
				ENABLE_PREVIEWS = YES;
				GENERATE_INFOPLIST_FILE = YES;
				INFOPLIST_KEY_UIApplicationSceneManifest_Generation = YES;
				INFOPLIST_KEY_UIApplicationSupportsIndirectInputEvents = YES;
				INFOPLIST_KEY_UILaunchScreen_Generation = YES;
				INFOPLIST_KEY_UISupportedInterfaceOrientations_iPad = "UIInterfaceOrientationPortrait UIInterfaceOrientationPortraitUpsideDown UIInterfaceOrientationLandscapeLeft UIInterfaceOrientationLandscapeRight";
				INFOPLIST_KEY_UISupportedInterfaceOrientations_iPhone = "UIInterfaceOrientationPortrait UIInterfaceOrientationLandscapeLeft UIInterfaceOrientationLandscapeRight";
				LD_RUNPATH_SEARCH_PATHS = (
					"$(inherited)",
					"@executable_path/Frameworks",
				);
				MARKETING_VERSION = 1.0;
				PRODUCT_BUNDLE_IDENTIFIER = flighttracker.app.ios;
				PRODUCT_NAME = "$(TARGET_NAME)";
				SWIFT_EMIT_LOC_STRINGS = YES;
				SWIFT_VERSION = 5.0;
				TARGETED_DEVICE_FAMILY = "1,2";
			};
			name = Release;
		};
/* End XCBuildConfiguration section */

/* Begin XCConfigurationList section */
		029DA9062AD6C309006D89BF /* Build configuration list for PBXProject "FlightTracker" */ = {
			isa = XCConfigurationList;
			buildConfigurations = (
				029DA9172AD6C30A006D89BF /* Debug */,
				029DA9182AD6C30A006D89BF /* Release */,
			);
			defaultConfigurationIsVisible = 0;
			defaultConfigurationName = Release;
		};
		029DA9192AD6C30A006D89BF /* Build configuration list for PBXNativeTarget "FlightTracker" */ = {
			isa = XCConfigurationList;
			buildConfigurations = (
				029DA91A2AD6C30A006D89BF /* Debug */,
				029DA91B2AD6C30A006D89BF /* Release */,
			);
			defaultConfigurationIsVisible = 0;
			defaultConfigurationName = Release;
		};
/* End XCConfigurationList section */
	};
	rootObject = 029DA9032AD6C309006D89BF /* Project object */;
}
